
Microsoft Visual Studio Solution File, Format Version 12.00
# Visual Studio Version 17
VisualStudioVersion = 17.1.32414.318
MinimumVisualStudioVersion = 10.0.40219.1
Project("{FAE04EC0-301F-11D3-BF4B-00C04F79EFBC}") = "IC", "IC\IC.csproj", "{8E9D0C0B-F936-4997-B1CC-8E65E708CD50}"
EndProject
Global
	GlobalSection(SolutionConfigurationPlatforms) = preSolution
		Debug|Any CPU = Debug|Any CPU
		Release|Any CPU = Release|Any CPU
	EndGlobalSection
	GlobalSection(ProjectConfigurationPlatforms) = postSolution
		{8E9D0C0B-F936-4997-B1CC-8E65E708CD50}.Debug|Any CPU.ActiveCfg = Debug|Any CPU
		{8E9D0C0B-F936-4997-B1CC-8E65E708CD50}.Debug|Any CPU.Build.0 = Debug|Any CPU
		{8E9D0C0B-F936-4997-B1CC-8E65E708CD50}.Release|Any CPU.ActiveCfg = Release|Any CPU
		{8E9D0C0B-F936-4997-B1CC-8E65E708CD50}.Release|Any CPU.Build.0 = Release|Any CPU
	EndGlobalSection
	GlobalSection(SolutionProperties) = preSolution
		HideSolutionNode = FALSE
	EndGlobalSection
	GlobalSection(ExtensibilityGlobals) = postSolution
		SolutionGuid = {AABB4E40-2AE3-4A97-A3AE-74D3C011A288}
	EndGlobalSection
EndGlobal
